// !$*UTF8*$!
{
	archiveVersion = 1;
	classes = {
	};
	objectVersion = 46;
	objects = {

/* Begin PBXBuildFile section */
		13C37E7F1C0F9C820044E985 /* main.cpp in Sources */ = {isa = PBXBuildFile; fileRef = 13C37E7E1C0F9C820044E985 /* main.cpp */; };
/* End PBXBuildFile section */

/* Begin PBXCopyFilesBuildPhase section */
		13C37E791C0F9C820044E985 /* CopyFiles */ = {
			isa = PBXCopyFilesBuildPhase;
			buildActionMask = 2147483647;
			dstPath = /usr/share/man/man1/;
			dstSubfolderSpec = 0;
			files = (
			);
			runOnlyForDeploymentPostprocessing = 1;
		};
/* End PBXCopyFilesBuildPhase section */

/* Begin PBXFileReference section */
		13C37E7B1C0F9C820044E985 /* Muon Sorter Cancellation Prototype */ = {isa = PBXFileReference; explicitFileType = "compiled.mach-o.executable"; includeInIndex = 0; path = "Muon Sorter Cancellation Prototype"; sourceTree = BUILT_PRODUCTS_DIR; };
		13C37E7E1C0F9C820044E985 /* main.cpp */ = {isa = PBXFileReference; lastKnownFileType = sourcecode.cpp.cpp; path = main.cpp; sourceTree = "<group>"; };
/* End PBXFileReference section */

/* Begin PBXFrameworksBuildPhase section */
		13C37E781C0F9C820044E985 /* Frameworks */ = {
			isa = PBXFrameworksBuildPhase;
			buildActionMask = 2147483647;
			files = (
			);
			runOnlyForDeploymentPostprocessing = 0;
		};
/* End PBXFrameworksBuildPhase section */

/* Begin PBXGroup section */
		13C37E721C0F9C820044E985 = {
			isa = PBXGroup;
			children = (
				13C37E7D1C0F9C820044E985 /* Muon Sorter Cancellation Prototype */,
				13C37E7C1C0F9C820044E985 /* Products */,
			);
			sourceTree = "<group>";
		};
		13C37E7C1C0F9C820044E985 /* Products */ = {
			isa = PBXGroup;
			children = (
				13C37E7B1C0F9C820044E985 /* Muon Sorter Cancellation Prototype */,
			);
			name = Products;
			sourceTree = "<group>";
		};
		13C37E7D1C0F9C820044E985 /* Muon Sorter Cancellation Prototype */ = {
			isa = PBXGroup;
			children = (
				13C37E7E1C0F9C820044E985 /* main.cpp */,
			);
			path = "Muon Sorter Cancellation Prototype";
			sourceTree = "<group>";
		};
/* End PBXGroup section */

/* Begin PBXNativeTarget section */
		13C37E7A1C0F9C820044E985 /* Muon Sorter Cancellation Prototype */ = {
			isa = PBXNativeTarget;
			buildConfigurationList = 13C37E821C0F9C820044E985 /* Build configuration list for PBXNativeTarget "Muon Sorter Cancellation Prototype" */;
			buildPhases = (
				13C37E771C0F9C820044E985 /* Sources */,
				13C37E781C0F9C820044E985 /* Frameworks */,
				13C37E791C0F9C820044E985 /* CopyFiles */,
			);
			buildRules = (
			);
			dependencies = (
			);
			name = "Muon Sorter Cancellation Prototype";
			productName = "Muon Sorter Cancellation Prototype";
			productReference = 13C37E7B1C0F9C820044E985 /* Muon Sorter Cancellation Prototype */;
			productType = "com.apple.product-type.tool";
		};
/* End PBXNativeTarget section */

/* Begin PBXProject section */
		13C37E731C0F9C820044E985 /* Project object */ = {
			isa = PBXProject;
			attributes = {
				LastUpgradeCheck = 0710;
				ORGANIZATIONNAME = Rice;
				TargetAttributes = {
					13C37E7A1C0F9C820044E985 = {
						CreatedOnToolsVersion = 7.1.1;
					};
				};
			};
			buildConfigurationList = 13C37E761C0F9C820044E985 /* Build configuration list for PBXProject "Muon Sorter Cancellation Prototype" */;
			compatibilityVersion = "Xcode 3.2";
			developmentRegion = English;
			hasScannedForEncodings = 0;
			knownRegions = (
				en,
			);
			mainGroup = 13C37E721C0F9C820044E985;
			productRefGroup = 13C37E7C1C0F9C820044E985 /* Products */;
			projectDirPath = "";
			projectRoot = "";
			targets = (
				13C37E7A1C0F9C820044E985 /* Muon Sorter Cancellation Prototype */,
			);
		};
/* End PBXProject section */

/* Begin PBXSourcesBuildPhase section */
		13C37E771C0F9C820044E985 /* Sources */ = {
			isa = PBXSourcesBuildPhase;
			buildActionMask = 2147483647;
			files = (
				13C37E7F1C0F9C820044E985 /* main.cpp in Sources */,
			);
			runOnlyForDeploymentPostprocessing = 0;
		};
/* End PBXSourcesBuildPhase section */

/* Begin XCBuildConfiguration section */
		13C37E801C0F9C820044E985 /* Debug */ = {
			isa = XCBuildConfiguration;
			buildSettings = {
				ALWAYS_SEARCH_USER_PATHS = NO;
				CLANG_CXX_LANGUAGE_STANDARD = "gnu++0x";
				CLANG_CXX_LIBRARY = "libc++";
				CLANG_ENABLE_MODULES = YES;
				CLANG_ENABLE_OBJC_ARC = YES;
				CLANG_WARN_BOOL_CONVERSION = YES;
				CLANG_WARN_CONSTANT_CONVERSION = YES;
				CLANG_WARN_DIRECT_OBJC_ISA_USAGE = YES_ERROR;
				CLANG_WARN_EMPTY_BODY = YES;
				CLANG_WARN_ENUM_CONVERSION = YES;
				CLANG_WARN_INT_CONVERSION = YES;
				CLANG_WARN_OBJC_ROOT_CLASS = YES_ERROR;
				CLANG_WARN_UNREACHABLE_CODE = YES;
				CLANG_WARN__DUPLICATE_METHOD_MATCH = YES;
				CODE_SIGN_IDENTITY = "-";
				COPY_PHASE_STRIP = NO;
				DEBUG_INFORMATION_FORMAT = dwarf;
				ENABLE_STRICT_OBJC_MSGSEND = YES;
				ENABLE_TESTABILITY = YES;
				GCC_C_LANGUAGE_STANDARD = gnu99;
				GCC_DYNAMIC_NO_PIC = NO;
				GCC_NO_COMMON_BLOCKS = YES;
				GCC_OPTIMIZATION_LEVEL = 0;
				GCC_PREPROCESSOR_DEFINITIONS = (
					"DEBUG=1",
					"$(inherited)",
				);
				GCC_WARN_64_TO_32_BIT_CONVERSION = YES;
				GCC_WARN_ABOUT_RETURN_TYPE = YES_ERROR;
				GCC_WARN_UNDECLARED_SELECTOR = YES;
				GCC_WARN_UNINITIALIZED_AUTOS = YES_AGGRESSIVE;
				GCC_WARN_UNUSED_FUNCTION = YES;
				GCC_WARN_UNUSED_VARIABLE = YES;
				MACOSX_DEPLOYMENT_TARGET = 10.10;
				MTL_ENABLE_DEBUG_INFO = YES;
				ONLY_ACTIVE_ARCH = YES;
				SDKROOT = macosx;
			};
			name = Debug;
		};
		13C37E811C0F9C820044E985 /* Release */ = {
			isa = XCBuildConfiguration;
			buildSettings = {
				ALWAYS_SEARCH_USER_PATHS = NO;
				CLANG_CXX_LANGUAGE_STANDARD = "gnu++0x";
				CLANG_CXX_LIBRARY = "libc++";
				CLANG_ENABLE_MODULES = YES;
				CLANG_ENABLE_OBJC_ARC = YES;
				CLANG_WARN_BOOL_CONVERSION = YES;
				CLANG_WARN_CONSTANT_CONVERSION = YES;
				CLANG_WARN_DIRECT_OBJC_ISA_USAGE = YES_ERROR;
				CLANG_WARN_EMPTY_BODY = YES;
				CLANG_WARN_ENUM_CONVERSION = YES;
				CLANG_WARN_INT_CONVERSION = YES;
				CLANG_WARN_OBJC_ROOT_CLASS = YES_ERROR;
				CLANG_WARN_UNREACHABLE_CODE = YES;
				CLANG_WARN__DUPLICATE_METHOD_MATCH = YES;
				CODE_SIGN_IDENTITY = "-";
				COPY_PHASE_STRIP = NO;
				DEBUG_INFORMATION_FORMAT = "dwarf-with-dsym";
				ENABLE_NS_ASSERTIONS = NO;
				ENABLE_STRICT_OBJC_MSGSEND = YES;
				GCC_C_LANGUAGE_STANDARD = gnu99;
				GCC_NO_COMMON_BLOCKS = YES;
				GCC_WARN_64_TO_32_BIT_CONVERSION = YES;
				GCC_WARN_ABOUT_RETURN_TYPE = YES_ERROR;
				GCC_WARN_UNDECLARED_SELECTOR = YES;
				GCC_WARN_UNINITIALIZED_AUTOS = YES_AGGRESSIVE;
				GCC_WARN_UNUSED_FUNCTION = YES;
				GCC_WARN_UNUSED_VARIABLE = YES;
				MACOSX_DEPLOYMENT_TARGET = 10.10;
				MTL_ENABLE_DEBUG_INFO = NO;
				SDKROOT = macosx;
			};
			name = Release;
		};
		13C37E831C0F9C820044E985 /* Debug */ = {
			isa = XCBuildConfiguration;
			buildSettings = {
				PRODUCT_NAME = "$(TARGET_NAME)";
			};
			name = Debug;
		};
		13C37E841C0F9C820044E985 /* Release */ = {
			isa = XCBuildConfiguration;
			buildSettings = {
				PRODUCT_NAME = "$(TARGET_NAME)";
			};
			name = Release;
		};
/* End XCBuildConfiguration section */

/* Begin XCConfigurationList section */
		13C37E761C0F9C820044E985 /* Build configuration list for PBXProject "Muon Sorter Cancellation Prototype" */ = {
			isa = XCConfigurationList;
			buildConfigurations = (
				13C37E801C0F9C820044E985 /* Debug */,
				13C37E811C0F9C820044E985 /* Release */,
			);
			defaultConfigurationIsVisible = 0;
			defaultConfigurationName = Release;
		};
		13C37E821C0F9C820044E985 /* Build configuration list for PBXNativeTarget "Muon Sorter Cancellation Prototype" */ = {
			isa = XCConfigurationList;
			buildConfigurations = (
				13C37E831C0F9C820044E985 /* Debug */,
				13C37E841C0F9C820044E985 /* Release */,
			);
			defaultConfigurationIsVisible = 0;
		};
/* End XCConfigurationList section */
	};
	rootObject = 13C37E731C0F9C820044E985 /* Project object */;
}
